// !$*UTF8*$!
{
	archiveVersion = 1;
	classes = {
	};
	objectVersion = 77;
	objects = {

/* Begin PBXContainerItemProxy section */
		55826E4E2E5EC5220008F101 /* PBXContainerItemProxy */ = {
			isa = PBXContainerItemProxy;
			containerPortal = 55826E2F2E5EC5210008F101 /* Project object */;
			proxyType = 1;
			remoteGlobalIDString = 55826E362E5EC5210008F101;
			remoteInfo = Hotelcodable;
		};
		55826E582E5EC5220008F101 /* PBXContainerItemProxy */ = {
			isa = PBXContainerItemProxy;
			containerPortal = 55826E2F2E5EC5210008F101 /* Project object */;
			proxyType = 1;
			remoteGlobalIDString = 55826E362E5EC5210008F101;
			remoteInfo = Hotelcodable;
		};
/* End PBXContainerItemProxy section */

/* Begin PBXFileReference section */
		55826E372E5EC5210008F101 /* Hotelcodable.app */ = {isa = PBXFileReference; explicitFileType = wrapper.application; includeInIndex = 0; path = Hotelcodable.app; sourceTree = BUILT_PRODUCTS_DIR; };
		55826E4D2E5EC5220008F101 /* HotelcodableTests.xctest */ = {isa = PBXFileReference; explicitFileType = wrapper.cfbundle; includeInIndex = 0; path = HotelcodableTests.xctest; sourceTree = BUILT_PRODUCTS_DIR; };
		55826E572E5EC5220008F101 /* HotelcodableUITests.xctest */ = {isa = PBXFileReference; explicitFileType = wrapper.cfbundle; includeInIndex = 0; path = HotelcodableUITests.xctest; sourceTree = BUILT_PRODUCTS_DIR; };
/* End PBXFileReference section */

/* Begin PBXFileSystemSynchronizedBuildFileExceptionSet section */
		55826E5F2E5EC5220008F101 /* Exceptions for "Hotelcodable" folder in "Hotelcodable" target */ = {
			isa = PBXFileSystemSynchronizedBuildFileExceptionSet;
			membershipExceptions = (
				Info.plist,
			);
			target = 55826E362E5EC5210008F101 /* Hotelcodable */;
		};
/* End PBXFileSystemSynchronizedBuildFileExceptionSet section */

/* Begin PBXFileSystemSynchronizedRootGroup section */
		55826E392E5EC5210008F101 /* Hotelcodable */ = {
			isa = PBXFileSystemSynchronizedRootGroup;
			exceptions = (
				55826E5F2E5EC5220008F101 /* Exceptions for "Hotelcodable" folder in "Hotelcodable" target */,
			);
			path = Hotelcodable;
			sourceTree = "<group>";
		};
		55826E502E5EC5220008F101 /* HotelcodableTests */ = {
			isa = PBXFileSystemSynchronizedRootGroup;
			path = HotelcodableTests;
			sourceTree = "<group>";
		};
		55826E5A2E5EC5220008F101 /* HotelcodableUITests */ = {
			isa = PBXFileSystemSynchronizedRootGroup;
			path = HotelcodableUITests;
			sourceTree = "<group>";
		};
/* End PBXFileSystemSynchronizedRootGroup section */

/* Begin PBXFrameworksBuildPhase section */
		55826E342E5EC5210008F101 /* Frameworks */ = {
			isa = PBXFrameworksBuildPhase;
			buildActionMask = 2147483647;
			files = (
			);
			runOnlyForDeploymentPostprocessing = 0;
		};
		55826E4A2E5EC5220008F101 /* Frameworks */ = {
			isa = PBXFrameworksBuildPhase;
			buildActionMask = 2147483647;
			files = (
			);
			runOnlyForDeploymentPostprocessing = 0;
		};
		55826E542E5EC5220008F101 /* Frameworks */ = {
			isa = PBXFrameworksBuildPhase;
			buildActionMask = 2147483647;
			files = (
			);
			runOnlyForDeploymentPostprocessing = 0;
		};
/* End PBXFrameworksBuildPhase section */

/* Begin PBXGroup section */
		55826E2E2E5EC5210008F101 = {
			isa = PBXGroup;
			children = (
				55826E392E5EC5210008F101 /* Hotelcodable */,
				55826E502E5EC5220008F101 /* HotelcodableTests */,
				55826E5A2E5EC5220008F101 /* HotelcodableUITests */,
				55826E382E5EC5210008F101 /* Products */,
			);
			sourceTree = "<group>";
		};
		55826E382E5EC5210008F101 /* Products */ = {
			isa = PBXGroup;
			children = (
				55826E372E5EC5210008F101 /* Hotelcodable.app */,
				55826E4D2E5EC5220008F101 /* HotelcodableTests.xctest */,
				55826E572E5EC5220008F101 /* HotelcodableUITests.xctest */,
			);
			name = Products;
			sourceTree = "<group>";
		};
/* End PBXGroup section */

/* Begin PBXNativeTarget section */
		55826E362E5EC5210008F101 /* Hotelcodable */ = {
			isa = PBXNativeTarget;
			buildConfigurationList = 55826E602E5EC5220008F101 /* Build configuration list for PBXNativeTarget "Hotelcodable" */;
			buildPhases = (
				55826E332E5EC5210008F101 /* Sources */,
				55826E342E5EC5210008F101 /* Frameworks */,
				55826E352E5EC5210008F101 /* Resources */,
			);
			buildRules = (
			);
			dependencies = (
			);
			fileSystemSynchronizedGroups = (
				55826E392E5EC5210008F101 /* Hotelcodable */,
			);
			name = Hotelcodable;
			packageProductDependencies = (
			);
			productName = Hotelcodable;
			productReference = 55826E372E5EC5210008F101 /* Hotelcodable.app */;
			productType = "com.apple.product-type.application";
		};
		55826E4C2E5EC5220008F101 /* HotelcodableTests */ = {
			isa = PBXNativeTarget;
			buildConfigurationList = 55826E652E5EC5220008F101 /* Build configuration list for PBXNativeTarget "HotelcodableTests" */;
			buildPhases = (
				55826E492E5EC5220008F101 /* Sources */,
				55826E4A2E5EC5220008F101 /* Frameworks */,
				55826E4B2E5EC5220008F101 /* Resources */,
			);
			buildRules = (
			);
			dependencies = (
				55826E4F2E5EC5220008F101 /* PBXTargetDependency */,
			);
			fileSystemSynchronizedGroups = (
				55826E502E5EC5220008F101 /* HotelcodableTests */,
			);
			name = HotelcodableTests;
			packageProductDependencies = (
			);
			productName = HotelcodableTests;
			productReference = 55826E4D2E5EC5220008F101 /* HotelcodableTests.xctest */;
			productType = "com.apple.product-type.bundle.unit-test";
		};
		55826E562E5EC5220008F101 /* HotelcodableUITests */ = {
			isa = PBXNativeTarget;
			buildConfigurationList = 55826E682E5EC5220008F101 /* Build configuration list for PBXNativeTarget "HotelcodableUITests" */;
			buildPhases = (
				55826E532E5EC5220008F101 /* Sources */,
				55826E542E5EC5220008F101 /* Frameworks */,
				55826E552E5EC5220008F101 /* Resources */,
			);
			buildRules = (
			);
			dependencies = (
				55826E592E5EC5220008F101 /* PBXTargetDependency */,
			);
			fileSystemSynchronizedGroups = (
				55826E5A2E5EC5220008F101 /* HotelcodableUITests */,
			);
			name = HotelcodableUITests;
			packageProductDependencies = (
			);
			productName = HotelcodableUITests;
			productReference = 55826E572E5EC5220008F101 /* HotelcodableUITests.xctest */;
			productType = "com.apple.product-type.bundle.ui-testing";
		};
/* End PBXNativeTarget section */

/* Begin PBXProject section */
		55826E2F2E5EC5210008F101 /* Project object */ = {
			isa = PBXProject;
			attributes = {
				BuildIndependentTargetsInParallel = 1;
				LastSwiftUpdateCheck = 1640;
				LastUpgradeCheck = 1640;
				TargetAttributes = {
					55826E362E5EC5210008F101 = {
						CreatedOnToolsVersion = 16.4;
					};
					55826E4C2E5EC5220008F101 = {
						CreatedOnToolsVersion = 16.4;
						TestTargetID = 55826E362E5EC5210008F101;
					};
					55826E562E5EC5220008F101 = {
						CreatedOnToolsVersion = 16.4;
						TestTargetID = 55826E362E5EC5210008F101;
					};
				};
			};
			buildConfigurationList = 55826E322E5EC5210008F101 /* Build configuration list for PBXProject "Hotelcodable" */;
			developmentRegion = en;
			hasScannedForEncodings = 0;
			knownRegions = (
				en,
				Base,
			);
			mainGroup = 55826E2E2E5EC5210008F101;
			minimizedProjectReferenceProxies = 1;
			preferredProjectObjectVersion = 77;
			productRefGroup = 55826E382E5EC5210008F101 /* Products */;
			projectDirPath = "";
			projectRoot = "";
			targets = (
				55826E362E5EC5210008F101 /* Hotelcodable */,
				55826E4C2E5EC5220008F101 /* HotelcodableTests */,
				55826E562E5EC5220008F101 /* HotelcodableUITests */,
			);
		};
/* End PBXProject section */

/* Begin PBXResourcesBuildPhase section */
		55826E352E5EC5210008F101 /* Resources */ = {
			isa = PBXResourcesBuildPhase;
			buildActionMask = 2147483647;
			files = (
			);
			runOnlyForDeploymentPostprocessing = 0;
		};
		55826E4B2E5EC5220008F101 /* Resources */ = {
			isa = PBXResourcesBuildPhase;
			buildActionMask = 2147483647;
			files = (
			);
			runOnlyForDeploymentPostprocessing = 0;
		};
		55826E552E5EC5220008F101 /* Resources */ = {
			isa = PBXResourcesBuildPhase;
			buildActionMask = 2147483647;
			files = (
			);
			runOnlyForDeploymentPostprocessing = 0;
		};
/* End PBXResourcesBuildPhase section */

/* Begin PBXSourcesBuildPhase section */
		55826E332E5EC5210008F101 /* Sources */ = {
			isa = PBXSourcesBuildPhase;
			buildActionMask = 2147483647;
			files = (
			);
			runOnlyForDeploymentPostprocessing = 0;
		};
		55826E492E5EC5220008F101 /* Sources */ = {
			isa = PBXSourcesBuildPhase;
			buildActionMask = 2147483647;
			files = (
			);
			runOnlyForDeploymentPostprocessing = 0;
		};
		55826E532E5EC5220008F101 /* Sources */ = {
			isa = PBXSourcesBuildPhase;
			buildActionMask = 2147483647;
			files = (
			);
			runOnlyForDeploymentPostprocessing = 0;
		};
/* End PBXSourcesBuildPhase section */

/* Begin PBXTargetDependency section */
		55826E4F2E5EC5220008F101 /* PBXTargetDependency */ = {
			isa = PBXTargetDependency;
			target = 55826E362E5EC5210008F101 /* Hotelcodable */;
			targetProxy = 55826E4E2E5EC5220008F101 /* PBXContainerItemProxy */;
		};
		55826E592E5EC5220008F101 /* PBXTargetDependency */ = {
			isa = PBXTargetDependency;
			target = 55826E362E5EC5210008F101 /* Hotelcodable */;
			targetProxy = 55826E582E5EC5220008F101 /* PBXContainerItemProxy */;
		};
/* End PBXTargetDependency section */

/* Begin XCBuildConfiguration section */
		55826E612E5EC5220008F101 /* Debug */ = {
			isa = XCBuildConfiguration;
			buildSettings = {
				ASSETCATALOG_COMPILER_APPICON_NAME = AppIcon;
				ASSETCATALOG_COMPILER_GLOBAL_ACCENT_COLOR_NAME = AccentColor;
				CODE_SIGN_STYLE = Automatic;
				CURRENT_PROJECT_VERSION = 1;
				GENERATE_INFOPLIST_FILE = YES;
				INFOPLIST_FILE = Hotelcodable/Info.plist;
				INFOPLIST_KEY_UIApplicationSupportsIndirectInputEvents = YES;
				INFOPLIST_KEY_UILaunchStoryboardName = LaunchScreen;
				INFOPLIST_KEY_UIMainStoryboardFile = Main;
				INFOPLIST_KEY_UISupportedInterfaceOrientations_iPad = "UIInterfaceOrientationPortrait UIInterfaceOrientationPortraitUpsideDown UIInterfaceOrientationLandscapeLeft UIInterfaceOrientationLandscapeRight";
				INFOPLIST_KEY_UISupportedInterfaceOrientations_iPhone = "UIInterfaceOrientationPortrait UIInterfaceOrientationLandscapeLeft UIInterfaceOrientationLandscapeRight";
				LD_RUNPATH_SEARCH_PATHS = (
					"$(inherited)",
					"@executable_path/Frameworks",
				);
				MARKETING_VERSION = 1.0;
				PRODUCT_BUNDLE_IDENTIFIER = com.kashika.Hotelcodable;
				PRODUCT_NAME = "$(TARGET_NAME)";
				SWIFT_EMIT_LOC_STRINGS = YES;
				SWIFT_VERSION = 5.0;
				TARGETED_DEVICE_FAMILY = "1,2";
			};
			name = Debug;
		};
		55826E622E5EC5220008F101 /* Release */ = {
			isa = XCBuildConfiguration;
			buildSettings = {
				ASSETCATALOG_COMPILER_APPICON_NAME = AppIcon;
				ASSETCATALOG_COMPILER_GLOBAL_ACCENT_COLOR_NAME = AccentColor;
				CODE_SIGN_STYLE = Automatic;
				CURRENT_PROJECT_VERSION = 1;
				GENERATE_INFOPLIST_FILE = YES;
				INFOPLIST_FILE = Hotelcodable/Info.plist;
				INFOPLIST_KEY_UIApplicationSupportsIndirectInputEvents = YES;
				INFOPLIST_KEY_UILaunchStoryboardName = LaunchScreen;
				INFOPLIST_KEY_UIMainStoryboardFile = Main;
				INFOPLIST_KEY_UISupportedInterfaceOrientations_iPad = "UIInterfaceOrientationPortrait UIInterfaceOrientationPortraitUpsideDown UIInterfaceOrientationLandscapeLeft UIInterfaceOrientationLandscapeRight";
				INFOPLIST_KEY_UISupportedInterfaceOrientations_iPhone = "UIInterfaceOrientationPortrait UIInterfaceOrientationLandscapeLeft UIInterfaceOrientationLandscapeRight";
				LD_RUNPATH_SEARCH_PATHS = (
					"$(inherited)",
					"@executable_path/Frameworks",
				);
				MARKETING_VERSION = 1.0;
				PRODUCT_BUNDLE_IDENTIFIER = com.kashika.Hotelcodable;
				PRODUCT_NAME = "$(TARGET_NAME)";
				SWIFT_EMIT_LOC_STRINGS = YES;
				SWIFT_VERSION = 5.0;
				TARGETED_DEVICE_FAMILY = "1,2";
			};
			name = Release;
		};
		55826E632E5EC5220008F101 /* Debug */ = {
			isa = XCBuildConfiguration;
			buildSettings = {
				ALWAYS_SEARCH_USER_PATHS = NO;
				ASSETCATALOG_COMPILER_GENERATE_SWIFT_ASSET_SYMBOL_EXTENSIONS = YES;
				CLANG_ANALYZER_NONNULL = YES;
				CLANG_ANALYZER_NUMBER_OBJECT_CONVERSION = YES_AGGRESSIVE;
				CLANG_CXX_LANGUAGE_STANDARD = "gnu++20";
				CLANG_ENABLE_MODULES = YES;
				CLANG_ENABLE_OBJC_ARC = YES;
				CLANG_ENABLE_OBJC_WEAK = YES;
				CLANG_WARN_BLOCK_CAPTURE_AUTORELEASING = YES;
				CLANG_WARN_BOOL_CONVERSION = YES;
				CLANG_WARN_COMMA = YES;
				CLANG_WARN_CONSTANT_CONVERSION = YES;
				CLANG_WARN_DEPRECATED_OBJC_IMPLEMENTATIONS = YES;
				CLANG_WARN_DIRECT_OBJC_ISA_USAGE = YES_ERROR;
				CLANG_WARN_DOCUMENTATION_COMMENTS = YES;
				CLANG_WARN_EMPTY_BODY = YES;
				CLANG_WARN_ENUM_CONVERSION = YES;
				CLANG_WARN_INFINITE_RECURSION = YES;
				CLANG_WARN_INT_CONVERSION = YES;
				CLANG_WARN_NON_LITERAL_NULL_CONVERSION = YES;
				CLANG_WARN_OBJC_IMPLICIT_RETAIN_SELF = YES;
				CLANG_WARN_OBJC_LITERAL_CONVERSION = YES;
				CLANG_WARN_OBJC_ROOT_CLASS = YES_ERROR;
				CLANG_WARN_QUOTED_INCLUDE_IN_FRAMEWORK_HEADER = YES;
				CLANG_WARN_RANGE_LOOP_ANALYSIS = YES;
				CLANG_WARN_STRICT_PROTOTYPES = YES;
				CLANG_WARN_SUSPICIOUS_MOVE = YES;
				CLANG_WARN_UNGUARDED_AVAILABILITY = YES_AGGRESSIVE;
				CLANG_WARN_UNREACHABLE_CODE = YES;
				CLANG_WARN__DUPLICATE_METHOD_MATCH = YES;
				COPY_PHASE_STRIP = NO;
				DEBUG_INFORMATION_FORMAT = dwarf;
				ENABLE_STRICT_OBJC_MSGSEND = YES;
				ENABLE_TESTABILITY = YES;
				ENABLE_USER_SCRIPT_SANDBOXING = YES;
				GCC_C_LANGUAGE_STANDARD = gnu17;
				GCC_DYNAMIC_NO_PIC = NO;
				GCC_NO_COMMON_BLOCKS = YES;
				GCC_OPTIMIZATION_LEVEL = 0;
				GCC_PREPROCESSOR_DEFINITIONS = (
					"DEBUG=1",
					"$(inherited)",
				);
				GCC_WARN_64_TO_32_BIT_CONVERSION = YES;
				GCC_WARN_ABOUT_RETURN_TYPE = YES_ERROR;
				GCC_WARN_UNDECLARED_SELECTOR = YES;
				GCC_WARN_UNINITIALIZED_AUTOS = YES_AGGRESSIVE;
				GCC_WARN_UNUSED_FUNCTION = YES;
				GCC_WARN_UNUSED_VARIABLE = YES;
				IPHONEOS_DEPLOYMENT_TARGET = 18.5;
				LOCALIZATION_PREFERS_STRING_CATALOGS = YES;
				MTL_ENABLE_DEBUG_INFO = INCLUDE_SOURCE;
				MTL_FAST_MATH = YES;
				ONLY_ACTIVE_ARCH = YES;
				SDKROOT = iphoneos;
				SWIFT_ACTIVE_COMPILATION_CONDITIONS = "DEBUG $(inherited)";
				SWIFT_OPTIMIZATION_LEVEL = "-Onone";
			};
			name = Debug;
		};
		55826E642E5EC5220008F101 /* Release */ = {
			isa = XCBuildConfiguration;
			buildSettings = {
				ALWAYS_SEARCH_USER_PATHS = NO;
				ASSETCATALOG_COMPILER_GENERATE_SWIFT_ASSET_SYMBOL_EXTENSIONS = YES;
				CLANG_ANALYZER_NONNULL = YES;
				CLANG_ANALYZER_NUMBER_OBJECT_CONVERSION = YES_AGGRESSIVE;
				CLANG_CXX_LANGUAGE_STANDARD = "gnu++20";
				CLANG_ENABLE_MODULES = YES;
				CLANG_ENABLE_OBJC_ARC = YES;
				CLANG_ENABLE_OBJC_WEAK = YES;
				CLANG_WARN_BLOCK_CAPTURE_AUTORELEASING = YES;
				CLANG_WARN_BOOL_CONVERSION = YES;
				CLANG_WARN_COMMA = YES;
				CLANG_WARN_CONSTANT_CONVERSION = YES;
				CLANG_WARN_DEPRECATED_OBJC_IMPLEMENTATIONS = YES;
				CLANG_WARN_DIRECT_OBJC_ISA_USAGE = YES_ERROR;
				CLANG_WARN_DOCUMENTATION_COMMENTS = YES;
				CLANG_WARN_EMPTY_BODY = YES;
				CLANG_WARN_ENUM_CONVERSION = YES;
				CLANG_WARN_INFINITE_RECURSION = YES;
				CLANG_WARN_INT_CONVERSION = YES;
				CLANG_WARN_NON_LITERAL_NULL_CONVERSION = YES;
				CLANG_WARN_OBJC_IMPLICIT_RETAIN_SELF = YES;
				CLANG_WARN_OBJC_LITERAL_CONVERSION = YES;
				CLANG_WARN_OBJC_ROOT_CLASS = YES_ERROR;
				CLANG_WARN_QUOTED_INCLUDE_IN_FRAMEWORK_HEADER = YES;
				CLANG_WARN_RANGE_LOOP_ANALYSIS = YES;
				CLANG_WARN_STRICT_PROTOTYPES = YES;
				CLANG_WARN_SUSPICIOUS_MOVE = YES;
				CLANG_WARN_UNGUARDED_AVAILABILITY = YES_AGGRESSIVE;
				CLANG_WARN_UNREACHABLE_CODE = YES;
				CLANG_WARN__DUPLICATE_METHOD_MATCH = YES;
				COPY_PHASE_STRIP = NO;
				DEBUG_INFORMATION_FORMAT = "dwarf-with-dsym";
				ENABLE_NS_ASSERTIONS = NO;
				ENABLE_STRICT_OBJC_MSGSEND = YES;
				ENABLE_USER_SCRIPT_SANDBOXING = YES;
				GCC_C_LANGUAGE_STANDARD = gnu17;
				GCC_NO_COMMON_BLOCKS = YES;
				GCC_WARN_64_TO_32_BIT_CONVERSION = YES;
				GCC_WARN_ABOUT_RETURN_TYPE = YES_ERROR;
				GCC_WARN_UNDECLARED_SELECTOR = YES;
				GCC_WARN_UNINITIALIZED_AUTOS = YES_AGGRESSIVE;
				GCC_WARN_UNUSED_FUNCTION = YES;
				GCC_WARN_UNUSED_VARIABLE = YES;
				IPHONEOS_DEPLOYMENT_TARGET = 18.5;
				LOCALIZATION_PREFERS_STRING_CATALOGS = YES;
				MTL_ENABLE_DEBUG_INFO = NO;
				MTL_FAST_MATH = YES;
				SDKROOT = iphoneos;
				SWIFT_COMPILATION_MODE = wholemodule;
				VALIDATE_PRODUCT = YES;
			};
			name = Release;
		};
		55826E662E5EC5220008F101 /* Debug */ = {
			isa = XCBuildConfiguration;
			buildSettings = {
				BUNDLE_LOADER = "$(TEST_HOST)";
				CODE_SIGN_STYLE = Automatic;
				CURRENT_PROJECT_VERSION = 1;
				GENERATE_INFOPLIST_FILE = YES;
				IPHONEOS_DEPLOYMENT_TARGET = 18.5;
				MARKETING_VERSION = 1.0;
				PRODUCT_BUNDLE_IDENTIFIER = com.kashika.HotelcodableTests;
				PRODUCT_NAME = "$(TARGET_NAME)";
				SWIFT_EMIT_LOC_STRINGS = NO;
				SWIFT_VERSION = 5.0;
				TARGETED_DEVICE_FAMILY = "1,2";
				TEST_HOST = "$(BUILT_PRODUCTS_DIR)/Hotelcodable.app/$(BUNDLE_EXECUTABLE_FOLDER_PATH)/Hotelcodable";
			};
			name = Debug;
		};
		55826E672E5EC5220008F101 /* Release */ = {
			isa = XCBuildConfiguration;
			buildSettings = {
				BUNDLE_LOADER = "$(TEST_HOST)";
				CODE_SIGN_STYLE = Automatic;
				CURRENT_PROJECT_VERSION = 1;
				GENERATE_INFOPLIST_FILE = YES;
				IPHONEOS_DEPLOYMENT_TARGET = 18.5;
				MARKETING_VERSION = 1.0;
				PRODUCT_BUNDLE_IDENTIFIER = com.kashika.HotelcodableTests;
				PRODUCT_NAME = "$(TARGET_NAME)";
				SWIFT_EMIT_LOC_STRINGS = NO;
				SWIFT_VERSION = 5.0;
				TARGETED_DEVICE_FAMILY = "1,2";
				TEST_HOST = "$(BUILT_PRODUCTS_DIR)/Hotelcodable.app/$(BUNDLE_EXECUTABLE_FOLDER_PATH)/Hotelcodable";
			};
			name = Release;
		};
		55826E692E5EC5220008F101 /* Debug */ = {
			isa = XCBuildConfiguration;
			buildSettings = {
				CODE_SIGN_STYLE = Automatic;
				CURRENT_PROJECT_VERSION = 1;
				GENERATE_INFOPLIST_FILE = YES;
				MARKETING_VERSION = 1.0;
				PRODUCT_BUNDLE_IDENTIFIER = com.kashika.HotelcodableUITests;
				PRODUCT_NAME = "$(TARGET_NAME)";
				SWIFT_EMIT_LOC_STRINGS = NO;
				SWIFT_VERSION = 5.0;
				TARGETED_DEVICE_FAMILY = "1,2";
				TEST_TARGET_NAME = Hotelcodable;
			};
			name = Debug;
		};
		55826E6A2E5EC5220008F101 /* Release */ = {
			isa = XCBuildConfiguration;
			buildSettings = {
				CODE_SIGN_STYLE = Automatic;
				CURRENT_PROJECT_VERSION = 1;
				GENERATE_INFOPLIST_FILE = YES;
				MARKETING_VERSION = 1.0;
				PRODUCT_BUNDLE_IDENTIFIER = com.kashika.HotelcodableUITests;
				PRODUCT_NAME = "$(TARGET_NAME)";
				SWIFT_EMIT_LOC_STRINGS = NO;
				SWIFT_VERSION = 5.0;
				TARGETED_DEVICE_FAMILY = "1,2";
				TEST_TARGET_NAME = Hotelcodable;
			};
			name = Release;
		};
/* End XCBuildConfiguration section */

/* Begin XCConfigurationList section */
		55826E322E5EC5210008F101 /* Build configuration list for PBXProject "Hotelcodable" */ = {
			isa = XCConfigurationList;
			buildConfigurations = (
				55826E632E5EC5220008F101 /* Debug */,
				55826E642E5EC5220008F101 /* Release */,
			);
			defaultConfigurationIsVisible = 0;
			defaultConfigurationName = Release;
		};
		55826E602E5EC5220008F101 /* Build configuration list for PBXNativeTarget "Hotelcodable" */ = {
			isa = XCConfigurationList;
			buildConfigurations = (
				55826E612E5EC5220008F101 /* Debug */,
				55826E622E5EC5220008F101 /* Release */,
			);
			defaultConfigurationIsVisible = 0;
			defaultConfigurationName = Release;
		};
		55826E652E5EC5220008F101 /* Build configuration list for PBXNativeTarget "HotelcodableTests" */ = {
			isa = XCConfigurationList;
			buildConfigurations = (
				55826E662E5EC5220008F101 /* Debug */,
				55826E672E5EC5220008F101 /* Release */,
			);
			defaultConfigurationIsVisible = 0;
			defaultConfigurationName = Release;
		};
		55826E682E5EC5220008F101 /* Build configuration list for PBXNativeTarget "HotelcodableUITests" */ = {
			isa = XCConfigurationList;
			buildConfigurations = (
				55826E692E5EC5220008F101 /* Debug */,
				55826E6A2E5EC5220008F101 /* Release */,
			);
			defaultConfigurationIsVisible = 0;
			defaultConfigurationName = Release;
		};
/* End XCConfigurationList section */
	};
	rootObject = 55826E2F2E5EC5210008F101 /* Project object */;
}
